// !$*UTF8*$!
{
	archiveVersion = 1;
	classes = {
	};
	objectVersion = 55;
	objects = {

/* Begin PBXBuildFile section */
		A83AD8072820967500CB94DF /* CheckmarkOptionView.swift in Sources */ = {isa = PBXBuildFile; fileRef = A83AD8062820967500CB94DF /* CheckmarkOptionView.swift */; };
		A83AD80A2820B0FD00CB94DF /* RoundShadowView.swift in Sources */ = {isa = PBXBuildFile; fileRef = A83AD8092820B0FD00CB94DF /* RoundShadowView.swift */; };
		A83AD80C2821E97900CB94DF /* SchoolDetailSectionView.swift in Sources */ = {isa = PBXBuildFile; fileRef = A83AD80B2821E97900CB94DF /* SchoolDetailSectionView.swift */; };
		A84A8BD3281DD94000228C12 /* AppDelegate.swift in Sources */ = {isa = PBXBuildFile; fileRef = A84A8BD2281DD94000228C12 /* AppDelegate.swift */; };
		A84A8BD5281DD94000228C12 /* SceneDelegate.swift in Sources */ = {isa = PBXBuildFile; fileRef = A84A8BD4281DD94000228C12 /* SceneDelegate.swift */; };
		A84A8BD7281DD94000228C12 /* MainController.swift in Sources */ = {isa = PBXBuildFile; fileRef = A84A8BD6281DD94000228C12 /* MainController.swift */; };
		A84A8BDC281DD94100228C12 /* Assets.xcassets in Resources */ = {isa = PBXBuildFile; fileRef = A84A8BDB281DD94100228C12 /* Assets.xcassets */; };
		A84A8BDF281DD94100228C12 /* LaunchScreen.storyboard in Resources */ = {isa = PBXBuildFile; fileRef = A84A8BDD281DD94100228C12 /* LaunchScreen.storyboard */; };
		A84A8BEA281DDA1900228C12 /* MVVMViewController.swift in Sources */ = {isa = PBXBuildFile; fileRef = A84A8BE9281DDA1900228C12 /* MVVMViewController.swift */; };
		A84A8BED281DDA4500228C12 /* ViewControllerBindable.swift in Sources */ = {isa = PBXBuildFile; fileRef = A84A8BEC281DDA4500228C12 /* ViewControllerBindable.swift */; };
		A84A8BF2281DDAD400228C12 /* MainView.swift in Sources */ = {isa = PBXBuildFile; fileRef = A84A8BF1281DDAD400228C12 /* MainView.swift */; };
		A84A8BF4281DDADC00228C12 /* MainViewModel.swift in Sources */ = {isa = PBXBuildFile; fileRef = A84A8BF3281DDADC00228C12 /* MainViewModel.swift */; };
		A84A8BFB281DE01100228C12 /* UITableView+Register.swift in Sources */ = {isa = PBXBuildFile; fileRef = A84A8BFA281DE01100228C12 /* UITableView+Register.swift */; };
		A84A8BFD281DE08100228C12 /* ReusableView.swift in Sources */ = {isa = PBXBuildFile; fileRef = A84A8BFC281DE08100228C12 /* ReusableView.swift */; };
		A84A8BFF281DE1E500228C12 /* Loadable.swift in Sources */ = {isa = PBXBuildFile; fileRef = A84A8BFE281DE1E500228C12 /* Loadable.swift */; };
		A84A8C04281DF52200228C12 /* SchoolTableViewCell.swift in Sources */ = {isa = PBXBuildFile; fileRef = A84A8C03281DF52200228C12 /* SchoolTableViewCell.swift */; };
		A84A8C06281DFE3500228C12 /* NetworkService.swift in Sources */ = {isa = PBXBuildFile; fileRef = A84A8C05281DFE3500228C12 /* NetworkService.swift */; };
		A84A8C0B281E067E00228C12 /* SchoolModel.swift in Sources */ = {isa = PBXBuildFile; fileRef = A84A8C0A281E067E00228C12 /* SchoolModel.swift */; };
		A84A8C0F281F089100228C12 /* Endpoint.swift in Sources */ = {isa = PBXBuildFile; fileRef = A84A8C0E281F089100228C12 /* Endpoint.swift */; };
		A8F50B9428201B3A0008BDA6 /* SchoolDetailsController.swift in Sources */ = {isa = PBXBuildFile; fileRef = A8F50B9328201B3A0008BDA6 /* SchoolDetailsController.swift */; };
		A8F50B9628201B430008BDA6 /* SchoolDetailsView.swift in Sources */ = {isa = PBXBuildFile; fileRef = A8F50B9528201B430008BDA6 /* SchoolDetailsView.swift */; };
		A8F50B9828201B4C0008BDA6 /* SchoolDetailsViewModel.swift in Sources */ = {isa = PBXBuildFile; fileRef = A8F50B9728201B4C0008BDA6 /* SchoolDetailsViewModel.swift */; };
		A8F50B9A28201D9E0008BDA6 /* SATScoreModel.swift in Sources */ = {isa = PBXBuildFile; fileRef = A8F50B9928201D9E0008BDA6 /* SATScoreModel.swift */; };
		A8F50BA22821CB990008BDA6 /* Localizable.strings in Resources */ = {isa = PBXBuildFile; fileRef = A8F50BA12821CB990008BDA6 /* Localizable.strings */; };
		A8F50BA42821CCD70008BDA6 /* String+Localized.swift in Sources */ = {isa = PBXBuildFile; fileRef = A8F50BA32821CCD70008BDA6 /* String+Localized.swift */; };
/* End PBXBuildFile section */

/* Begin PBXFileReference section */
		A83AD8062820967500CB94DF /* CheckmarkOptionView.swift */ = {isa = PBXFileReference; lastKnownFileType = sourcecode.swift; path = CheckmarkOptionView.swift; sourceTree = "<group>"; };
		A83AD8092820B0FD00CB94DF /* RoundShadowView.swift */ = {isa = PBXFileReference; lastKnownFileType = sourcecode.swift; path = RoundShadowView.swift; sourceTree = "<group>"; };
		A83AD80B2821E97900CB94DF /* SchoolDetailSectionView.swift */ = {isa = PBXFileReference; lastKnownFileType = sourcecode.swift; path = SchoolDetailSectionView.swift; sourceTree = "<group>"; };
		A84A8BCF281DD94000228C12 /* NYCSchools.app */ = {isa = PBXFileReference; explicitFileType = wrapper.application; includeInIndex = 0; path = NYCSchools.app; sourceTree = BUILT_PRODUCTS_DIR; };
		A84A8BD2281DD94000228C12 /* AppDelegate.swift */ = {isa = PBXFileReference; lastKnownFileType = sourcecode.swift; path = AppDelegate.swift; sourceTree = "<group>"; };
		A84A8BD4281DD94000228C12 /* SceneDelegate.swift */ = {isa = PBXFileReference; lastKnownFileType = sourcecode.swift; path = SceneDelegate.swift; sourceTree = "<group>"; };
		A84A8BD6281DD94000228C12 /* MainController.swift */ = {isa = PBXFileReference; lastKnownFileType = sourcecode.swift; path = MainController.swift; sourceTree = "<group>"; };
		A84A8BDB281DD94100228C12 /* Assets.xcassets */ = {isa = PBXFileReference; lastKnownFileType = folder.assetcatalog; path = Assets.xcassets; sourceTree = "<group>"; };
		A84A8BDE281DD94100228C12 /* Base */ = {isa = PBXFileReference; lastKnownFileType = file.storyboard; name = Base; path = Base.lproj/LaunchScreen.storyboard; sourceTree = "<group>"; };
		A84A8BE0281DD94100228C12 /* Info.plist */ = {isa = PBXFileReference; lastKnownFileType = text.plist.xml; path = Info.plist; sourceTree = "<group>"; };
		A84A8BE9281DDA1900228C12 /* MVVMViewController.swift */ = {isa = PBXFileReference; lastKnownFileType = sourcecode.swift; path = MVVMViewController.swift; sourceTree = "<group>"; };
		A84A8BEC281DDA4500228C12 /* ViewControllerBindable.swift */ = {isa = PBXFileReference; lastKnownFileType = sourcecode.swift; path = ViewControllerBindable.swift; sourceTree = "<group>"; };
		A84A8BF1281DDAD400228C12 /* MainView.swift */ = {isa = PBXFileReference; lastKnownFileType = sourcecode.swift; path = MainView.swift; sourceTree = "<group>"; };
		A84A8BF3281DDADC00228C12 /* MainViewModel.swift */ = {isa = PBXFileReference; lastKnownFileType = sourcecode.swift; path = MainViewModel.swift; sourceTree = "<group>"; };
		A84A8BFA281DE01100228C12 /* UITableView+Register.swift */ = {isa = PBXFileReference; lastKnownFileType = sourcecode.swift; path = "UITableView+Register.swift"; sourceTree = "<group>"; };
		A84A8BFC281DE08100228C12 /* ReusableView.swift */ = {isa = PBXFileReference; lastKnownFileType = sourcecode.swift; path = ReusableView.swift; sourceTree = "<group>"; };
		A84A8BFE281DE1E500228C12 /* Loadable.swift */ = {isa = PBXFileReference; lastKnownFileType = sourcecode.swift; path = Loadable.swift; sourceTree = "<group>"; };
		A84A8C03281DF52200228C12 /* SchoolTableViewCell.swift */ = {isa = PBXFileReference; lastKnownFileType = sourcecode.swift; path = SchoolTableViewCell.swift; sourceTree = "<group>"; };
		A84A8C05281DFE3500228C12 /* NetworkService.swift */ = {isa = PBXFileReference; lastKnownFileType = sourcecode.swift; path = NetworkService.swift; sourceTree = "<group>"; };
		A84A8C0A281E067E00228C12 /* SchoolModel.swift */ = {isa = PBXFileReference; lastKnownFileType = sourcecode.swift; path = SchoolModel.swift; sourceTree = "<group>"; };
		A84A8C0E281F089100228C12 /* Endpoint.swift */ = {isa = PBXFileReference; lastKnownFileType = sourcecode.swift; path = Endpoint.swift; sourceTree = "<group>"; };
		A8F50B9328201B3A0008BDA6 /* SchoolDetailsController.swift */ = {isa = PBXFileReference; lastKnownFileType = sourcecode.swift; path = SchoolDetailsController.swift; sourceTree = "<group>"; };
		A8F50B9528201B430008BDA6 /* SchoolDetailsView.swift */ = {isa = PBXFileReference; lastKnownFileType = sourcecode.swift; path = SchoolDetailsView.swift; sourceTree = "<group>"; };
		A8F50B9728201B4C0008BDA6 /* SchoolDetailsViewModel.swift */ = {isa = PBXFileReference; lastKnownFileType = sourcecode.swift; path = SchoolDetailsViewModel.swift; sourceTree = "<group>"; };
		A8F50B9928201D9E0008BDA6 /* SATScoreModel.swift */ = {isa = PBXFileReference; lastKnownFileType = sourcecode.swift; path = SATScoreModel.swift; sourceTree = "<group>"; };
		A8F50BA12821CB990008BDA6 /* Localizable.strings */ = {isa = PBXFileReference; lastKnownFileType = text.plist.strings; path = Localizable.strings; sourceTree = "<group>"; };
		A8F50BA32821CCD70008BDA6 /* String+Localized.swift */ = {isa = PBXFileReference; lastKnownFileType = sourcecode.swift; path = "String+Localized.swift"; sourceTree = "<group>"; };
/* End PBXFileReference section */

/* Begin PBXFrameworksBuildPhase section */
		A84A8BCC281DD94000228C12 /* Frameworks */ = {
			isa = PBXFrameworksBuildPhase;
			buildActionMask = 2147483647;
			files = (
			);
			runOnlyForDeploymentPostprocessing = 0;
		};
/* End PBXFrameworksBuildPhase section */

/* Begin PBXGroup section */
		A83AD80828209E2C00CB94DF /* View */ = {
			isa = PBXGroup;
			children = (
				A83AD8062820967500CB94DF /* CheckmarkOptionView.swift */,
				A83AD8092820B0FD00CB94DF /* RoundShadowView.swift */,
			);
			path = View;
			sourceTree = "<group>";
		};
		A84A8BC6281DD94000228C12 = {
			isa = PBXGroup;
			children = (
				A84A8BD1281DD94000228C12 /* NYCSchools */,
				A84A8BD0281DD94000228C12 /* Products */,
			);
			sourceTree = "<group>";
		};
		A84A8BD0281DD94000228C12 /* Products */ = {
			isa = PBXGroup;
			children = (
				A84A8BCF281DD94000228C12 /* NYCSchools.app */,
			);
			name = Products;
			sourceTree = "<group>";
		};
		A84A8BD1281DD94000228C12 /* NYCSchools */ = {
			isa = PBXGroup;
			children = (
				A84A8BDB281DD94100228C12 /* Assets.xcassets */,
				A8F50BA02821CB5E0008BDA6 /* Resources */,
				A84A8BF8281DDD5000228C12 /* Application */,
				A84A8C07281E04F600228C12 /* Services */,
				A84A8BE7281DD9AE00228C12 /* Extensions */,
				A84A8BEB281DDA3B00228C12 /* Protocols */,
				A84A8BE6281DD96900228C12 /* Screens */,
			);
			path = NYCSchools;
			sourceTree = "<group>";
		};
		A84A8BE6281DD96900228C12 /* Screens */ = {
			isa = PBXGroup;
			children = (
				A84A8BF9281DDF4100228C12 /* Launch */,
				A84A8BEE281DDA9F00228C12 /* Main */,
				A8F50B9228201B230008BDA6 /* SchoolDetails */,
				A84A8BE8281DDA0500228C12 /* Shared */,
			);
			path = Screens;
			sourceTree = "<group>";
		};
		A84A8BE7281DD9AE00228C12 /* Extensions */ = {
			isa = PBXGroup;
			children = (
				A84A8BFA281DE01100228C12 /* UITableView+Register.swift */,
				A8F50BA32821CCD70008BDA6 /* String+Localized.swift */,
			);
			path = Extensions;
			sourceTree = "<group>";
		};
		A84A8BE8281DDA0500228C12 /* Shared */ = {
			isa = PBXGroup;
			children = (
				A84A8BE9281DDA1900228C12 /* MVVMViewController.swift */,
				A83AD80828209E2C00CB94DF /* View */,
			);
			path = Shared;
			sourceTree = "<group>";
		};
		A84A8BEB281DDA3B00228C12 /* Protocols */ = {
			isa = PBXGroup;
			children = (
				A84A8BFE281DE1E500228C12 /* Loadable.swift */,
				A84A8BFC281DE08100228C12 /* ReusableView.swift */,
				A84A8BEC281DDA4500228C12 /* ViewControllerBindable.swift */,
			);
			path = Protocols;
			sourceTree = "<group>";
		};
		A84A8BEE281DDA9F00228C12 /* Main */ = {
			isa = PBXGroup;
			children = (
				A84A8BD6281DD94000228C12 /* MainController.swift */,
				A84A8C0C281E068200228C12 /* Model */,
				A84A8BEF281DDAC200228C12 /* View */,
				A84A8BF0281DDAC700228C12 /* ViewModel */,
			);
			path = Main;
			sourceTree = "<group>";
		};
		A84A8BEF281DDAC200228C12 /* View */ = {
			isa = PBXGroup;
			children = (
				A84A8BF1281DDAD400228C12 /* MainView.swift */,
				A84A8C03281DF52200228C12 /* SchoolTableViewCell.swift */,
			);
			path = View;
			sourceTree = "<group>";
		};
		A84A8BF0281DDAC700228C12 /* ViewModel */ = {
			isa = PBXGroup;
			children = (
				A84A8BF3281DDADC00228C12 /* MainViewModel.swift */,
			);
			path = ViewModel;
			sourceTree = "<group>";
		};
		A84A8BF8281DDD5000228C12 /* Application */ = {
			isa = PBXGroup;
			children = (
				A84A8BE0281DD94100228C12 /* Info.plist */,
				A84A8BD2281DD94000228C12 /* AppDelegate.swift */,
				A84A8BD4281DD94000228C12 /* SceneDelegate.swift */,
			);
			path = Application;
			sourceTree = "<group>";
		};
		A84A8BF9281DDF4100228C12 /* Launch */ = {
			isa = PBXGroup;
			children = (
				A84A8BDD281DD94100228C12 /* LaunchScreen.storyboard */,
			);
			path = Launch;
			sourceTree = "<group>";
		};
		A84A8C07281E04F600228C12 /* Services */ = {
			isa = PBXGroup;
			children = (
				A84A8C05281DFE3500228C12 /* NetworkService.swift */,
				A84A8C0D281F088300228C12 /* Model */,
			);
			path = Services;
			sourceTree = "<group>";
		};
		A84A8C0C281E068200228C12 /* Model */ = {
			isa = PBXGroup;
			children = (
				A84A8C0A281E067E00228C12 /* SchoolModel.swift */,
				A8F50B9928201D9E0008BDA6 /* SATScoreModel.swift */,
			);
			path = Model;
			sourceTree = "<group>";
		};
		A84A8C0D281F088300228C12 /* Model */ = {
			isa = PBXGroup;
			children = (
				A84A8C0E281F089100228C12 /* Endpoint.swift */,
			);
			path = Model;
			sourceTree = "<group>";
		};
		A8F50B9228201B230008BDA6 /* SchoolDetails */ = {
			isa = PBXGroup;
			children = (
				A8F50B9328201B3A0008BDA6 /* SchoolDetailsController.swift */,
				A8F50B9C28202A660008BDA6 /* View */,
				A8F50B9B28202A5A0008BDA6 /* ViewModel */,
			);
			path = SchoolDetails;
			sourceTree = "<group>";
		};
		A8F50B9B28202A5A0008BDA6 /* ViewModel */ = {
			isa = PBXGroup;
			children = (
				A8F50B9728201B4C0008BDA6 /* SchoolDetailsViewModel.swift */,
			);
			path = ViewModel;
			sourceTree = "<group>";
		};
		A8F50B9C28202A660008BDA6 /* View */ = {
			isa = PBXGroup;
			children = (
				A8F50B9528201B430008BDA6 /* SchoolDetailsView.swift */,
				A83AD80B2821E97900CB94DF /* SchoolDetailSectionView.swift */,
			);
			path = View;
			sourceTree = "<group>";
		};
		A8F50BA02821CB5E0008BDA6 /* Resources */ = {
			isa = PBXGroup;
			children = (
				A8F50BA12821CB990008BDA6 /* Localizable.strings */,
			);
			path = Resources;
			sourceTree = "<group>";
		};
/* End PBXGroup section */

/* Begin PBXNativeTarget section */
		A84A8BCE281DD94000228C12 /* NYCSchools */ = {
			isa = PBXNativeTarget;
			buildConfigurationList = A84A8BE3281DD94100228C12 /* Build configuration list for PBXNativeTarget "NYCSchools" */;
			buildPhases = (
				A84A8BCB281DD94000228C12 /* Sources */,
				A84A8BCC281DD94000228C12 /* Frameworks */,
				A84A8BCD281DD94000228C12 /* Resources */,
			);
			buildRules = (
			);
			dependencies = (
			);
			name = NYCSchools;
			productName = NYCSchools;
			productReference = A84A8BCF281DD94000228C12 /* NYCSchools.app */;
			productType = "com.apple.product-type.application";
		};
/* End PBXNativeTarget section */

/* Begin PBXProject section */
		A84A8BC7281DD94000228C12 /* Project object */ = {
			isa = PBXProject;
			attributes = {
				BuildIndependentTargetsInParallel = 1;
				LastSwiftUpdateCheck = 1330;
				LastUpgradeCheck = 1330;
				TargetAttributes = {
					A84A8BCE281DD94000228C12 = {
						CreatedOnToolsVersion = 13.3;
					};
				};
			};
			buildConfigurationList = A84A8BCA281DD94000228C12 /* Build configuration list for PBXProject "NYCSchools" */;
			compatibilityVersion = "Xcode 13.0";
			developmentRegion = en;
			hasScannedForEncodings = 0;
			knownRegions = (
				en,
				Base,
			);
			mainGroup = A84A8BC6281DD94000228C12;
			productRefGroup = A84A8BD0281DD94000228C12 /* Products */;
			projectDirPath = "";
			projectRoot = "";
			targets = (
				A84A8BCE281DD94000228C12 /* NYCSchools */,
			);
		};
/* End PBXProject section */

/* Begin PBXResourcesBuildPhase section */
		A84A8BCD281DD94000228C12 /* Resources */ = {
			isa = PBXResourcesBuildPhase;
			buildActionMask = 2147483647;
			files = (
				A84A8BDF281DD94100228C12 /* LaunchScreen.storyboard in Resources */,
				A8F50BA22821CB990008BDA6 /* Localizable.strings in Resources */,
				A84A8BDC281DD94100228C12 /* Assets.xcassets in Resources */,
			);
			runOnlyForDeploymentPostprocessing = 0;
		};
/* End PBXResourcesBuildPhase section */

/* Begin PBXSourcesBuildPhase section */
		A84A8BCB281DD94000228C12 /* Sources */ = {
			isa = PBXSourcesBuildPhase;
			buildActionMask = 2147483647;
			files = (
				A84A8BFD281DE08100228C12 /* ReusableView.swift in Sources */,
				A84A8BF4281DDADC00228C12 /* MainViewModel.swift in Sources */,
				A84A8C06281DFE3500228C12 /* NetworkService.swift in Sources */,
				A84A8C04281DF52200228C12 /* SchoolTableViewCell.swift in Sources */,
				A84A8BED281DDA4500228C12 /* ViewControllerBindable.swift in Sources */,
				A83AD80A2820B0FD00CB94DF /* RoundShadowView.swift in Sources */,
				A84A8BFF281DE1E500228C12 /* Loadable.swift in Sources */,
				A83AD80C2821E97900CB94DF /* SchoolDetailSectionView.swift in Sources */,
				A84A8BF2281DDAD400228C12 /* MainView.swift in Sources */,
				A84A8C0B281E067E00228C12 /* SchoolModel.swift in Sources */,
				A84A8BEA281DDA1900228C12 /* MVVMViewController.swift in Sources */,
				A83AD8072820967500CB94DF /* CheckmarkOptionView.swift in Sources */,
				A8F50B9828201B4C0008BDA6 /* SchoolDetailsViewModel.swift in Sources */,
				A84A8BD7281DD94000228C12 /* MainController.swift in Sources */,
				A84A8BD3281DD94000228C12 /* AppDelegate.swift in Sources */,
				A8F50B9628201B430008BDA6 /* SchoolDetailsView.swift in Sources */,
				A8F50B9A28201D9E0008BDA6 /* SATScoreModel.swift in Sources */,
				A84A8BFB281DE01100228C12 /* UITableView+Register.swift in Sources */,
				A84A8C0F281F089100228C12 /* Endpoint.swift in Sources */,
				A8F50BA42821CCD70008BDA6 /* String+Localized.swift in Sources */,
				A8F50B9428201B3A0008BDA6 /* SchoolDetailsController.swift in Sources */,
				A84A8BD5281DD94000228C12 /* SceneDelegate.swift in Sources */,
			);
			runOnlyForDeploymentPostprocessing = 0;
		};
/* End PBXSourcesBuildPhase section */

/* Begin PBXVariantGroup section */
		A84A8BDD281DD94100228C12 /* LaunchScreen.storyboard */ = {
			isa = PBXVariantGroup;
			children = (
				A84A8BDE281DD94100228C12 /* Base */,
			);
			name = LaunchScreen.storyboard;
			sourceTree = "<group>";
		};
/* End PBXVariantGroup section */

/* Begin XCBuildConfiguration section */
		A84A8BE1281DD94100228C12 /* Debug */ = {
			isa = XCBuildConfiguration;
			buildSettings = {
				ALWAYS_SEARCH_USER_PATHS = NO;
				CLANG_ANALYZER_NONNULL = YES;
				CLANG_ANALYZER_NUMBER_OBJECT_CONVERSION = YES_AGGRESSIVE;
				CLANG_CXX_LANGUAGE_STANDARD = "gnu++17";
				CLANG_ENABLE_MODULES = YES;
				CLANG_ENABLE_OBJC_ARC = YES;
				CLANG_ENABLE_OBJC_WEAK = YES;
				CLANG_WARN_BLOCK_CAPTURE_AUTORELEASING = YES;
				CLANG_WARN_BOOL_CONVERSION = YES;
				CLANG_WARN_COMMA = YES;
				CLANG_WARN_CONSTANT_CONVERSION = YES;
				CLANG_WARN_DEPRECATED_OBJC_IMPLEMENTATIONS = YES;
				CLANG_WARN_DIRECT_OBJC_ISA_USAGE = YES_ERROR;
				CLANG_WARN_DOCUMENTATION_COMMENTS = YES;
				CLANG_WARN_EMPTY_BODY = YES;
				CLANG_WARN_ENUM_CONVERSION = YES;
				CLANG_WARN_INFINITE_RECURSION = YES;
				CLANG_WARN_INT_CONVERSION = YES;
				CLANG_WARN_NON_LITERAL_NULL_CONVERSION = YES;
				CLANG_WARN_OBJC_IMPLICIT_RETAIN_SELF = YES;
				CLANG_WARN_OBJC_LITERAL_CONVERSION = YES;
				CLANG_WARN_OBJC_ROOT_CLASS = YES_ERROR;
				CLANG_WARN_QUOTED_INCLUDE_IN_FRAMEWORK_HEADER = YES;
				CLANG_WARN_RANGE_LOOP_ANALYSIS = YES;
				CLANG_WARN_STRICT_PROTOTYPES = YES;
				CLANG_WARN_SUSPICIOUS_MOVE = YES;
				CLANG_WARN_UNGUARDED_AVAILABILITY = YES_AGGRESSIVE;
				CLANG_WARN_UNREACHABLE_CODE = YES;
				CLANG_WARN__DUPLICATE_METHOD_MATCH = YES;
				COPY_PHASE_STRIP = NO;
				DEBUG_INFORMATION_FORMAT = dwarf;
				ENABLE_STRICT_OBJC_MSGSEND = YES;
				ENABLE_TESTABILITY = YES;
				GCC_C_LANGUAGE_STANDARD = gnu11;
				GCC_DYNAMIC_NO_PIC = NO;
				GCC_NO_COMMON_BLOCKS = YES;
				GCC_OPTIMIZATION_LEVEL = 0;
				GCC_PREPROCESSOR_DEFINITIONS = (
					"DEBUG=1",
					"$(inherited)",
				);
				GCC_WARN_64_TO_32_BIT_CONVERSION = YES;
				GCC_WARN_ABOUT_RETURN_TYPE = YES_ERROR;
				GCC_WARN_UNDECLARED_SELECTOR = YES;
				GCC_WARN_UNINITIALIZED_AUTOS = YES_AGGRESSIVE;
				GCC_WARN_UNUSED_FUNCTION = YES;
				GCC_WARN_UNUSED_VARIABLE = YES;
				IPHONEOS_DEPLOYMENT_TARGET = 15.4;
				MTL_ENABLE_DEBUG_INFO = INCLUDE_SOURCE;
				MTL_FAST_MATH = YES;
				ONLY_ACTIVE_ARCH = YES;
				SDKROOT = iphoneos;
				SWIFT_ACTIVE_COMPILATION_CONDITIONS = DEBUG;
				SWIFT_OPTIMIZATION_LEVEL = "-Onone";
			};
			name = Debug;
		};
		A84A8BE2281DD94100228C12 /* Release */ = {
			isa = XCBuildConfiguration;
			buildSettings = {
				ALWAYS_SEARCH_USER_PATHS = NO;
				CLANG_ANALYZER_NONNULL = YES;
				CLANG_ANALYZER_NUMBER_OBJECT_CONVERSION = YES_AGGRESSIVE;
				CLANG_CXX_LANGUAGE_STANDARD = "gnu++17";
				CLANG_ENABLE_MODULES = YES;
				CLANG_ENABLE_OBJC_ARC = YES;
				CLANG_ENABLE_OBJC_WEAK = YES;
				CLANG_WARN_BLOCK_CAPTURE_AUTORELEASING = YES;
				CLANG_WARN_BOOL_CONVERSION = YES;
				CLANG_WARN_COMMA = YES;
				CLANG_WARN_CONSTANT_CONVERSION = YES;
				CLANG_WARN_DEPRECATED_OBJC_IMPLEMENTATIONS = YES;
				CLANG_WARN_DIRECT_OBJC_ISA_USAGE = YES_ERROR;
				CLANG_WARN_DOCUMENTATION_COMMENTS = YES;
				CLANG_WARN_EMPTY_BODY = YES;
				CLANG_WARN_ENUM_CONVERSION = YES;
				CLANG_WARN_INFINITE_RECURSION = YES;
				CLANG_WARN_INT_CONVERSION = YES;
				CLANG_WARN_NON_LITERAL_NULL_CONVERSION = YES;
				CLANG_WARN_OBJC_IMPLICIT_RETAIN_SELF = YES;
				CLANG_WARN_OBJC_LITERAL_CONVERSION = YES;
				CLANG_WARN_OBJC_ROOT_CLASS = YES_ERROR;
				CLANG_WARN_QUOTED_INCLUDE_IN_FRAMEWORK_HEADER = YES;
				CLANG_WARN_RANGE_LOOP_ANALYSIS = YES;
				CLANG_WARN_STRICT_PROTOTYPES = YES;
				CLANG_WARN_SUSPICIOUS_MOVE = YES;
				CLANG_WARN_UNGUARDED_AVAILABILITY = YES_AGGRESSIVE;
				CLANG_WARN_UNREACHABLE_CODE = YES;
				CLANG_WARN__DUPLICATE_METHOD_MATCH = YES;
				COPY_PHASE_STRIP = NO;
				DEBUG_INFORMATION_FORMAT = "dwarf-with-dsym";
				ENABLE_NS_ASSERTIONS = NO;
				ENABLE_STRICT_OBJC_MSGSEND = YES;
				GCC_C_LANGUAGE_STANDARD = gnu11;
				GCC_NO_COMMON_BLOCKS = YES;
				GCC_WARN_64_TO_32_BIT_CONVERSION = YES;
				GCC_WARN_ABOUT_RETURN_TYPE = YES_ERROR;
				GCC_WARN_UNDECLARED_SELECTOR = YES;
				GCC_WARN_UNINITIALIZED_AUTOS = YES_AGGRESSIVE;
				GCC_WARN_UNUSED_FUNCTION = YES;
				GCC_WARN_UNUSED_VARIABLE = YES;
				IPHONEOS_DEPLOYMENT_TARGET = 15.4;
				MTL_ENABLE_DEBUG_INFO = NO;
				MTL_FAST_MATH = YES;
				SDKROOT = iphoneos;
				SWIFT_COMPILATION_MODE = wholemodule;
				SWIFT_OPTIMIZATION_LEVEL = "-O";
				VALIDATE_PRODUCT = YES;
			};
			name = Release;
		};
		A84A8BE4281DD94100228C12 /* Debug */ = {
			isa = XCBuildConfiguration;
			buildSettings = {
				ASSETCATALOG_COMPILER_APPICON_NAME = AppIcon;
				ASSETCATALOG_COMPILER_GLOBAL_ACCENT_COLOR_NAME = AccentColor;
				CODE_SIGN_STYLE = Automatic;
				CURRENT_PROJECT_VERSION = 1;
				DEVELOPMENT_TEAM = HL76W8CJ28;
				GENERATE_INFOPLIST_FILE = YES;
				INFOPLIST_FILE = NYCSchools/Application/Info.plist;
				INFOPLIST_KEY_UIApplicationSupportsIndirectInputEvents = YES;
				INFOPLIST_KEY_UILaunchStoryboardName = LaunchScreen;
				INFOPLIST_KEY_UISupportedInterfaceOrientations_iPad = "UIInterfaceOrientationPortrait UIInterfaceOrientationPortraitUpsideDown UIInterfaceOrientationLandscapeLeft UIInterfaceOrientationLandscapeRight";
				INFOPLIST_KEY_UISupportedInterfaceOrientations_iPhone = "UIInterfaceOrientationPortrait UIInterfaceOrientationLandscapeLeft UIInterfaceOrientationLandscapeRight";
				IPHONEOS_DEPLOYMENT_TARGET = 15.0;
				LD_RUNPATH_SEARCH_PATHS = (
					"$(inherited)",
					"@executable_path/Frameworks",
				);
				MARKETING_VERSION = 1.0;
				PRODUCT_BUNDLE_IDENTIFIER = com.giorgiodoganiero.NYCSchools;
				PRODUCT_NAME = "$(TARGET_NAME)";
				SWIFT_EMIT_LOC_STRINGS = YES;
				SWIFT_VERSION = 5.0;
				TARGETED_DEVICE_FAMILY = 1;
			};
			name = Debug;
		};
		A84A8BE5281DD94100228C12 /* Release */ = {
			isa = XCBuildConfiguration;
			buildSettings = {
				ASSETCATALOG_COMPILER_APPICON_NAME = AppIcon;
				ASSETCATALOG_COMPILER_GLOBAL_ACCENT_COLOR_NAME = AccentColor;
				CODE_SIGN_STYLE = Automatic;
				CURRENT_PROJECT_VERSION = 1;
				DEVELOPMENT_TEAM = HL76W8CJ28;
				GENERATE_INFOPLIST_FILE = YES;
				INFOPLIST_FILE = NYCSchools/Application/Info.plist;
				INFOPLIST_KEY_UIApplicationSupportsIndirectInputEvents = YES;
				INFOPLIST_KEY_UILaunchStoryboardName = LaunchScreen;
				INFOPLIST_KEY_UISupportedInterfaceOrientations_iPad = "UIInterfaceOrientationPortrait UIInterfaceOrientationPortraitUpsideDown UIInterfaceOrientationLandscapeLeft UIInterfaceOrientationLandscapeRight";
				INFOPLIST_KEY_UISupportedInterfaceOrientations_iPhone = "UIInterfaceOrientationPortrait UIInterfaceOrientationLandscapeLeft UIInterfaceOrientationLandscapeRight";
				IPHONEOS_DEPLOYMENT_TARGET = 15.0;
				LD_RUNPATH_SEARCH_PATHS = (
					"$(inherited)",
					"@executable_path/Frameworks",
				);
				MARKETING_VERSION = 1.0;
				PRODUCT_BUNDLE_IDENTIFIER = com.giorgiodoganiero.NYCSchools;
				PRODUCT_NAME = "$(TARGET_NAME)";
				SWIFT_EMIT_LOC_STRINGS = YES;
				SWIFT_VERSION = 5.0;
				TARGETED_DEVICE_FAMILY = 1;
			};
			name = Release;
		};
/* End XCBuildConfiguration section */

/* Begin XCConfigurationList section */
		A84A8BCA281DD94000228C12 /* Build configuration list for PBXProject "NYCSchools" */ = {
			isa = XCConfigurationList;
			buildConfigurations = (
				A84A8BE1281DD94100228C12 /* Debug */,
				A84A8BE2281DD94100228C12 /* Release */,
			);
			defaultConfigurationIsVisible = 0;
			defaultConfigurationName = Release;
		};
		A84A8BE3281DD94100228C12 /* Build configuration list for PBXNativeTarget "NYCSchools" */ = {
			isa = XCConfigurationList;
			buildConfigurations = (
				A84A8BE4281DD94100228C12 /* Debug */,
				A84A8BE5281DD94100228C12 /* Release */,
			);
			defaultConfigurationIsVisible = 0;
			defaultConfigurationName = Release;
		};
/* End XCConfigurationList section */
	};
	rootObject = A84A8BC7281DD94000228C12 /* Project object */;
}
